// !$*UTF8*$!
{
	archiveVersion = 1;
	classes = {
	};
	objectVersion = 56;
	objects = {

/* Begin PBXContainerItemProxy section */
		155FA81122A29CDB00D68879 /* PBXContainerItemProxy */ = {
			isa = PBXContainerItemProxy;
			containerPortal = 155FA80D22A29CDB00D68879 /* keystealClient.xcodeproj */;
			proxyType = 2;
			remoteGlobalIDString = 1584775E22007D7400CA5BE9;
			remoteInfo = keystealClient;
		};
		155FA81722A29CE000D68879 /* PBXContainerItemProxy */ = {
			isa = PBXContainerItemProxy;
			containerPortal = 155FA81322A29CE000D68879 /* keystealDaemon.xcodeproj */;
			proxyType = 2;
			remoteGlobalIDString = 158477382200788900CA5BE9;
			remoteInfo = keystealDaemon;
		};
/* End PBXContainerItemProxy section */

/* Begin PBXFileReference section */
		155FA80D22A29CDB00D68879 /* keystealClient.xcodeproj */ = {isa = PBXFileReference; lastKnownFileType = "wrapper.pb-project"; name = keystealClient.xcodeproj; path = keystealClient/keystealClient.xcodeproj; sourceTree = "<group>"; };
		155FA81322A29CE000D68879 /* keystealDaemon.xcodeproj */ = {isa = PBXFileReference; lastKnownFileType = "wrapper.pb-project"; name = keystealDaemon.xcodeproj; path = keystealDaemon/keystealDaemon.xcodeproj; sourceTree = "<group>"; };
		155FA81922A29DB000D68879 /* README.md */ = {isa = PBXFileReference; lastKnownFileType = net.daringfireball.markdown; path = README.md; sourceTree = "<group>"; };
		155FA81F22A2B14C00D68879 /* LICENSE.txt */ = {isa = PBXFileReference; lastKnownFileType = text; path = LICENSE.txt; sourceTree = "<group>"; };
/* End PBXFileReference section */

/* Begin PBXGroup section */
		155FA80622A29CBB00D68879 = {
			isa = PBXGroup;
			children = (
				155FA81922A29DB000D68879 /* README.md */,
				155FA81F22A2B14C00D68879 /* LICENSE.txt */,
				155FA81322A29CE000D68879 /* keystealDaemon.xcodeproj */,
				155FA80D22A29CDB00D68879 /* keystealClient.xcodeproj */,
				357BCD322933038B0012C51F /* Products */,
			);
			sourceTree = "<group>";
		};
		155FA80E22A29CDB00D68879 /* Products */ = {
			isa = PBXGroup;
			children = (
				155FA81222A29CDB00D68879 /* libkeystealClient.dylib */,
			);
			name = Products;
			sourceTree = "<group>";
		};
		155FA81422A29CE000D68879 /* Products */ = {
			isa = PBXGroup;
			children = (
				155FA81822A29CE000D68879 /* keystealDaemon */,
			);
			name = Products;
			sourceTree = "<group>";
		};
		357BCD322933038B0012C51F /* Products */ = {
			isa = PBXGroup;
			children = (
			);
			name = Products;
			sourceTree = "<group>";
		};
/* End PBXGroup section */

/* Begin PBXProject section */
		155FA80722A29CBB00D68879 /* Project object */ = {
			isa = PBXProject;
			attributes = {
				BuildIndependentTargetsInParallel = YES;
				LastSwiftUpdateCheck = 1410;
				LastUpgradeCheck = 1410;
			};
			buildConfigurationList = 155FA80A22A29CBB00D68879 /* Build configuration list for PBXProject "KeySteal" */;
			compatibilityVersion = "Xcode 14.0";
			developmentRegion = en;
			hasScannedForEncodings = 0;
			knownRegions = (
				en,
				Base,
			);
			mainGroup = 155FA80622A29CBB00D68879;
			productRefGroup = 357BCD322933038B0012C51F /* Products */;
			projectDirPath = "";
			projectReferences = (
				{
					ProductGroup = 155FA80E22A29CDB00D68879 /* Products */;
					ProjectRef = 155FA80D22A29CDB00D68879 /* keystealClient.xcodeproj */;
				},
				{
					ProductGroup = 155FA81422A29CE000D68879 /* Products */;
					ProjectRef = 155FA81322A29CE000D68879 /* keystealDaemon.xcodeproj */;
				},
			);
			projectRoot = "";
			targets = (
			);
		};
/* End PBXProject section */

/* Begin PBXReferenceProxy section */
		155FA81222A29CDB00D68879 /* libkeystealClient.dylib */ = {
			isa = PBXReferenceProxy;
			fileType = "compiled.mach-o.dylib";
			path = libkeystealClient.dylib;
			remoteRef = 155FA81122A29CDB00D68879 /* PBXContainerItemProxy */;
			sourceTree = BUILT_PRODUCTS_DIR;
		};
		155FA81822A29CE000D68879 /* keystealDaemon */ = {
			isa = PBXReferenceProxy;
			fileType = "compiled.mach-o.executable";
			path = keystealDaemon;
			remoteRef = 155FA81722A29CE000D68879 /* PBXContainerItemProxy */;
			sourceTree = BUILT_PRODUCTS_DIR;
		};
/* End PBXReferenceProxy section */

/* Begin XCBuildConfiguration section */
		155FA80B22A29CBB00D68879 /* Debug */ = {
			isa = XCBuildConfiguration;
			buildSettings = {
				CLANG_WARN_BLOCK_CAPTURE_AUTORELEASING = YES;
				CLANG_WARN_BOOL_CONVERSION = YES;
				CLANG_WARN_COMMA = YES;
				CLANG_WARN_CONSTANT_CONVERSION = YES;
				CLANG_WARN_DEPRECATED_OBJC_IMPLEMENTATIONS = YES;
				CLANG_WARN_EMPTY_BODY = YES;
				CLANG_WARN_ENUM_CONVERSION = YES;
				CLANG_WARN_INFINITE_RECURSION = YES;
				CLANG_WARN_INT_CONVERSION = YES;
				CLANG_WARN_NON_LITERAL_NULL_CONVERSION = YES;
				CLANG_WARN_OBJC_IMPLICIT_RETAIN_SELF = YES;
				CLANG_WARN_OBJC_LITERAL_CONVERSION = YES;
				CLANG_WARN_QUOTED_INCLUDE_IN_FRAMEWORK_HEADER = YES;
				CLANG_WARN_RANGE_LOOP_ANALYSIS = YES;
				CLANG_WARN_STRICT_PROTOTYPES = YES;
				CLANG_WARN_SUSPICIOUS_MOVE = YES;
				CLANG_WARN_UNREACHABLE_CODE = YES;
				CLANG_WARN__DUPLICATE_METHOD_MATCH = YES;
				DEAD_CODE_STRIPPING = YES;
				ENABLE_STRICT_OBJC_MSGSEND = YES;
				ENABLE_TESTABILITY = YES;
				GCC_NO_COMMON_BLOCKS = YES;
				GCC_WARN_64_TO_32_BIT_CONVERSION = YES;
				GCC_WARN_ABOUT_RETURN_TYPE = YES;
				GCC_WARN_UNDECLARED_SELECTOR = YES;
				GCC_WARN_UNINITIALIZED_AUTOS = YES;
				GCC_WARN_UNUSED_FUNCTION = YES;
				GCC_WARN_UNUSED_VARIABLE = YES;
				ONLY_ACTIVE_ARCH = YES;
			};
			name = Debug;
		};
		155FA80C22A29CBB00D68879 /* Release */ = {
			isa = XCBuildConfiguration;
			buildSettings = {
				CLANG_WARN_BLOCK_CAPTURE_AUTORELEASING = YES;
				CLANG_WARN_BOOL_CONVERSION = YES;
				CLANG_WARN_COMMA = YES;
				CLANG_WARN_CONSTANT_CONVERSION = YES;
				CLANG_WARN_DEPRECATED_OBJC_IMPLEMENTATIONS = YES;
				CLANG_WARN_EMPTY_BODY = YES;
				CLANG_WARN_ENUM_CONVERSION = YES;
				CLANG_WARN_INFINITE_RECURSION = YES;
				CLANG_WARN_INT_CONVERSION = YES;
				CLANG_WARN_NON_LITERAL_NULL_CONVERSION = YES;
				CLANG_WARN_OBJC_IMPLICIT_RETAIN_SELF = YES;
				CLANG_WARN_OBJC_LITERAL_CONVERSION = YES;
				CLANG_WARN_QUOTED_INCLUDE_IN_FRAMEWORK_HEADER = YES;
				CLANG_WARN_RANGE_LOOP_ANALYSIS = YES;
				CLANG_WARN_STRICT_PROTOTYPES = YES;
				CLANG_WARN_SUSPICIOUS_MOVE = YES;
				CLANG_WARN_UNREACHABLE_CODE = YES;
				CLANG_WARN__DUPLICATE_METHOD_MATCH = YES;
				DEAD_CODE_STRIPPING = YES;
				ENABLE_STRICT_OBJC_MSGSEND = YES;
				GCC_NO_COMMON_BLOCKS = YES;
				GCC_WARN_64_TO_32_BIT_CONVERSION = YES;
				GCC_WARN_ABOUT_RETURN_TYPE = YES;
				GCC_WARN_UNDECLARED_SELECTOR = YES;
				GCC_WARN_UNINITIALIZED_AUTOS = YES;
				GCC_WARN_UNUSED_FUNCTION = YES;
				GCC_WARN_UNUSED_VARIABLE = YES;
			};
			name = Release;
		};
/* End XCBuildConfiguration section */

/* Begin XCConfigurationList section */
		155FA80A22A29CBB00D68879 /* Build configuration list for PBXProject "KeySteal" */ = {
			isa = XCConfigurationList;
			buildConfigurations = (
				155FA80B22A29CBB00D68879 /* Debug */,
				155FA80C22A29CBB00D68879 /* Release */,
			);
			defaultConfigurationIsVisible = 0;
			defaultConfigurationName = Release;
		};
/* End XCConfigurationList section */
	};
	rootObject = 155FA80722A29CBB00D68879 /* Project object */;
}
